
Microsoft Visual Studio Solution File, Format Version 12.00
# Visual Studio Version 17
VisualStudioVersion = 17.2.32616.157
MinimumVisualStudioVersion = 10.0.40219.1
Project("{FAE04EC0-301F-11D3-BF4B-00C04F79EFBC}") = "Food_Delivery_Core", "Food_Delivery_Core\Food_Delivery_Core.csproj", "{807461A5-AF73-47E6-877E-CC423CF99936}"
EndProject
Global
	GlobalSection(SolutionConfigurationPlatforms) = preSolution
		Debug|Any CPU = Debug|Any CPU
		Release|Any CPU = Release|Any CPU
	EndGlobalSection
	GlobalSection(ProjectConfigurationPlatforms) = postSolution
		{807461A5-AF73-47E6-877E-CC423CF99936}.Debug|Any CPU.ActiveCfg = Debug|Any CPU
		{807461A5-AF73-47E6-877E-CC423CF99936}.Debug|Any CPU.Build.0 = Debug|Any CPU
		{807461A5-AF73-47E6-877E-CC423CF99936}.Release|Any CPU.ActiveCfg = Release|Any CPU
		{807461A5-AF73-47E6-877E-CC423CF99936}.Release|Any CPU.Build.0 = Release|Any CPU
	EndGlobalSection
	GlobalSection(SolutionProperties) = preSolution
		HideSolutionNode = FALSE
	EndGlobalSection
	GlobalSection(ExtensibilityGlobals) = postSolution
		SolutionGuid = {9AE04765-746D-48C1-A0A6-DE1A932B64F5}
	EndGlobalSection
EndGlobal
